// !$*UTF8*$!
{
	archiveVersion = 1;
	classes = {
	};
	objectVersion = 46;
	objects = {

/* Begin PBXBuildFile section */
		9C1588CC1EB69CAA00411BD3 /* AppDelegate.swift in Sources */ = {isa = PBXBuildFile; fileRef = 9C1588CB1EB69CAA00411BD3 /* AppDelegate.swift */; };
		9C1588CE1EB69CAA00411BD3 /* ViewController.swift in Sources */ = {isa = PBXBuildFile; fileRef = 9C1588CD1EB69CAA00411BD3 /* ViewController.swift */; };
		9C1588D01EB69CAA00411BD3 /* Assets.xcassets in Resources */ = {isa = PBXBuildFile; fileRef = 9C1588CF1EB69CAA00411BD3 /* Assets.xcassets */; };
		9C1588D31EB69CAA00411BD3 /* Main.storyboard in Resources */ = {isa = PBXBuildFile; fileRef = 9C1588D11EB69CAA00411BD3 /* Main.storyboard */; };
		9C1588DB1EB77D6400411BD3 /* WindowController.swift in Sources */ = {isa = PBXBuildFile; fileRef = 9C1588DA1EB77D6400411BD3 /* WindowController.swift */; };
/* End PBXBuildFile section */

/* Begin PBXFileReference section */
		9C1588C81EB69CAA00411BD3 /* BrowseBetter.app */ = {isa = PBXFileReference; explicitFileType = wrapper.application; includeInIndex = 0; path = BrowseBetter.app; sourceTree = BUILT_PRODUCTS_DIR; };
		9C1588CB1EB69CAA00411BD3 /* AppDelegate.swift */ = {isa = PBXFileReference; lastKnownFileType = sourcecode.swift; path = AppDelegate.swift; sourceTree = "<group>"; };
		9C1588CD1EB69CAA00411BD3 /* ViewController.swift */ = {isa = PBXFileReference; lastKnownFileType = sourcecode.swift; path = ViewController.swift; sourceTree = "<group>"; };
		9C1588CF1EB69CAA00411BD3 /* Assets.xcassets */ = {isa = PBXFileReference; lastKnownFileType = folder.assetcatalog; path = Assets.xcassets; sourceTree = "<group>"; };
		9C1588D21EB69CAA00411BD3 /* Base */ = {isa = PBXFileReference; lastKnownFileType = file.storyboard; name = Base; path = Base.lproj/Main.storyboard; sourceTree = "<group>"; };
		9C1588D41EB69CAA00411BD3 /* Info.plist */ = {isa = PBXFileReference; lastKnownFileType = text.plist.xml; path = Info.plist; sourceTree = "<group>"; };
		9C1588DA1EB77D6400411BD3 /* WindowController.swift */ = {isa = PBXFileReference; fileEncoding = 4; lastKnownFileType = sourcecode.swift; path = WindowController.swift; sourceTree = "<group>"; };
/* End PBXFileReference section */

/* Begin PBXFrameworksBuildPhase section */
		9C1588C51EB69CAA00411BD3 /* Frameworks */ = {
			isa = PBXFrameworksBuildPhase;
			buildActionMask = 2147483647;
			files = (
			);
			runOnlyForDeploymentPostprocessing = 0;
		};
/* End PBXFrameworksBuildPhase section */

/* Begin PBXGroup section */
		9C1588BF1EB69CAA00411BD3 = {
			isa = PBXGroup;
			children = (
				9C1588CA1EB69CAA00411BD3 /* BrowseBetter */,
				9C1588C91EB69CAA00411BD3 /* Products */,
			);
			sourceTree = "<group>";
		};
		9C1588C91EB69CAA00411BD3 /* Products */ = {
			isa = PBXGroup;
			children = (
				9C1588C81EB69CAA00411BD3 /* BrowseBetter.app */,
			);
			name = Products;
			sourceTree = "<group>";
		};
		9C1588CA1EB69CAA00411BD3 /* BrowseBetter */ = {
			isa = PBXGroup;
			children = (
				9C1588CB1EB69CAA00411BD3 /* AppDelegate.swift */,
				9C1588CD1EB69CAA00411BD3 /* ViewController.swift */,
				9C1588DA1EB77D6400411BD3 /* WindowController.swift */,
				9C1588CF1EB69CAA00411BD3 /* Assets.xcassets */,
				9C1588D11EB69CAA00411BD3 /* Main.storyboard */,
				9C1588D41EB69CAA00411BD3 /* Info.plist */,
			);
			path = BrowseBetter;
			sourceTree = "<group>";
		};
/* End PBXGroup section */

/* Begin PBXNativeTarget section */
		9C1588C71EB69CAA00411BD3 /* BrowseBetter */ = {
			isa = PBXNativeTarget;
			buildConfigurationList = 9C1588D71EB69CAA00411BD3 /* Build configuration list for PBXNativeTarget "BrowseBetter" */;
			buildPhases = (
				9C1588C41EB69CAA00411BD3 /* Sources */,
				9C1588C51EB69CAA00411BD3 /* Frameworks */,
				9C1588C61EB69CAA00411BD3 /* Resources */,
			);
			buildRules = (
			);
			dependencies = (
			);
			name = BrowseBetter;
			productName = BrowseBetter;
			productReference = 9C1588C81EB69CAA00411BD3 /* BrowseBetter.app */;
			productType = "com.apple.product-type.application";
		};
/* End PBXNativeTarget section */

/* Begin PBXProject section */
		9C1588C01EB69CAA00411BD3 /* Project object */ = {
			isa = PBXProject;
			attributes = {
				LastSwiftUpdateCheck = 0830;
				LastUpgradeCheck = 0830;
				ORGANIZATIONNAME = "Tom Holland";
				TargetAttributes = {
					9C1588C71EB69CAA00411BD3 = {
						CreatedOnToolsVersion = 8.3;
						ProvisioningStyle = Automatic;
					};
				};
			};
			buildConfigurationList = 9C1588C31EB69CAA00411BD3 /* Build configuration list for PBXProject "BrowseBetter" */;
			compatibilityVersion = "Xcode 3.2";
			developmentRegion = English;
			hasScannedForEncodings = 0;
			knownRegions = (
				en,
				Base,
			);
			mainGroup = 9C1588BF1EB69CAA00411BD3;
			productRefGroup = 9C1588C91EB69CAA00411BD3 /* Products */;
			projectDirPath = "";
			projectRoot = "";
			targets = (
				9C1588C71EB69CAA00411BD3 /* BrowseBetter */,
			);
		};
/* End PBXProject section */

/* Begin PBXResourcesBuildPhase section */
		9C1588C61EB69CAA00411BD3 /* Resources */ = {
			isa = PBXResourcesBuildPhase;
			buildActionMask = 2147483647;
			files = (
				9C1588D01EB69CAA00411BD3 /* Assets.xcassets in Resources */,
				9C1588D31EB69CAA00411BD3 /* Main.storyboard in Resources */,
			);
			runOnlyForDeploymentPostprocessing = 0;
		};
/* End PBXResourcesBuildPhase section */

/* Begin PBXSourcesBuildPhase section */
		9C1588C41EB69CAA00411BD3 /* Sources */ = {
			isa = PBXSourcesBuildPhase;
			buildActionMask = 2147483647;
			files = (
				9C1588CE1EB69CAA00411BD3 /* ViewController.swift in Sources */,
				9C1588DB1EB77D6400411BD3 /* WindowController.swift in Sources */,
				9C1588CC1EB69CAA00411BD3 /* AppDelegate.swift in Sources */,
			);
			runOnlyForDeploymentPostprocessing = 0;
		};
/* End PBXSourcesBuildPhase section */

/* Begin PBXVariantGroup section */
		9C1588D11EB69CAA00411BD3 /* Main.storyboard */ = {
			isa = PBXVariantGroup;
			children = (
				9C1588D21EB69CAA00411BD3 /* Base */,
			);
			name = Main.storyboard;
			sourceTree = "<group>";
		};
/* End PBXVariantGroup section */

/* Begin XCBuildConfiguration section */
		9C1588D51EB69CAA00411BD3 /* Debug */ = {
			isa = XCBuildConfiguration;
			buildSettings = {
				ALWAYS_SEARCH_USER_PATHS = NO;
				CLANG_ANALYZER_NONNULL = YES;
				CLANG_ANALYZER_NUMBER_OBJECT_CONVERSION = YES_AGGRESSIVE;
				CLANG_CXX_LANGUAGE_STANDARD = "gnu++0x";
				CLANG_CXX_LIBRARY = "libc++";
				CLANG_ENABLE_MODULES = YES;
				CLANG_ENABLE_OBJC_ARC = YES;
				CLANG_WARN_BOOL_CONVERSION = YES;
				CLANG_WARN_CONSTANT_CONVERSION = YES;
				CLANG_WARN_DIRECT_OBJC_ISA_USAGE = YES_ERROR;
				CLANG_WARN_DOCUMENTATION_COMMENTS = YES;
				CLANG_WARN_EMPTY_BODY = YES;
				CLANG_WARN_ENUM_CONVERSION = YES;
				CLANG_WARN_INFINITE_RECURSION = YES;
				CLANG_WARN_INT_CONVERSION = YES;
				CLANG_WARN_OBJC_ROOT_CLASS = YES_ERROR;
				CLANG_WARN_SUSPICIOUS_MOVE = YES;
				CLANG_WARN_UNREACHABLE_CODE = YES;
				CLANG_WARN__DUPLICATE_METHOD_MATCH = YES;
				CODE_SIGN_IDENTITY = "-";
				COPY_PHASE_STRIP = NO;
				DEBUG_INFORMATION_FORMAT = dwarf;
				ENABLE_STRICT_OBJC_MSGSEND = YES;
				ENABLE_TESTABILITY = YES;
				GCC_C_LANGUAGE_STANDARD = gnu99;
				GCC_DYNAMIC_NO_PIC = NO;
				GCC_NO_COMMON_BLOCKS = YES;
				GCC_OPTIMIZATION_LEVEL = 0;
				GCC_PREPROCESSOR_DEFINITIONS = (
					"DEBUG=1",
					"$(inherited)",
				);
				GCC_WARN_64_TO_32_BIT_CONVERSION = YES;
				GCC_WARN_ABOUT_RETURN_TYPE = YES_ERROR;
				GCC_WARN_UNDECLARED_SELECTOR = YES;
				GCC_WARN_UNINITIALIZED_AUTOS = YES_AGGRESSIVE;
				GCC_WARN_UNUSED_FUNCTION = YES;
				GCC_WARN_UNUSED_VARIABLE = YES;
				MACOSX_DEPLOYMENT_TARGET = 10.12;
				MTL_ENABLE_DEBUG_INFO = YES;
				ONLY_ACTIVE_ARCH = YES;
				SDKROOT = macosx;
				SWIFT_ACTIVE_COMPILATION_CONDITIONS = DEBUG;
				SWIFT_OPTIMIZATION_LEVEL = "-Onone";
			};
			name = Debug;
		};
		9C1588D61EB69CAA00411BD3 /* Release */ = {
			isa = XCBuildConfiguration;
			buildSettings = {
				ALWAYS_SEARCH_USER_PATHS = NO;
				CLANG_ANALYZER_NONNULL = YES;
				CLANG_ANALYZER_NUMBER_OBJECT_CONVERSION = YES_AGGRESSIVE;
				CLANG_CXX_LANGUAGE_STANDARD = "gnu++0x";
				CLANG_CXX_LIBRARY = "libc++";
				CLANG_ENABLE_MODULES = YES;
				CLANG_ENABLE_OBJC_ARC = YES;
				CLANG_WARN_BOOL_CONVERSION = YES;
				CLANG_WARN_CONSTANT_CONVERSION = YES;
				CLANG_WARN_DIRECT_OBJC_ISA_USAGE = YES_ERROR;
				CLANG_WARN_DOCUMENTATION_COMMENTS = YES;
				CLANG_WARN_EMPTY_BODY = YES;
				CLANG_WARN_ENUM_CONVERSION = YES;
				CLANG_WARN_INFINITE_RECURSION = YES;
				CLANG_WARN_INT_CONVERSION = YES;
				CLANG_WARN_OBJC_ROOT_CLASS = YES_ERROR;
				CLANG_WARN_SUSPICIOUS_MOVE = YES;
				CLANG_WARN_UNREACHABLE_CODE = YES;
				CLANG_WARN__DUPLICATE_METHOD_MATCH = YES;
				CODE_SIGN_IDENTITY = "-";
				COPY_PHASE_STRIP = NO;
				DEBUG_INFORMATION_FORMAT = "dwarf-with-dsym";
				ENABLE_NS_ASSERTIONS = NO;
				ENABLE_STRICT_OBJC_MSGSEND = YES;
				GCC_C_LANGUAGE_STANDARD = gnu99;
				GCC_NO_COMMON_BLOCKS = YES;
				GCC_WARN_64_TO_32_BIT_CONVERSION = YES;
				GCC_WARN_ABOUT_RETURN_TYPE = YES_ERROR;
				GCC_WARN_UNDECLARED_SELECTOR = YES;
				GCC_WARN_UNINITIALIZED_AUTOS = YES_AGGRESSIVE;
				GCC_WARN_UNUSED_FUNCTION = YES;
				GCC_WARN_UNUSED_VARIABLE = YES;
				MACOSX_DEPLOYMENT_TARGET = 10.12;
				MTL_ENABLE_DEBUG_INFO = NO;
				SDKROOT = macosx;
				SWIFT_OPTIMIZATION_LEVEL = "-Owholemodule";
			};
			name = Release;
		};
		9C1588D81EB69CAA00411BD3 /* Debug */ = {
			isa = XCBuildConfiguration;
			buildSettings = {
				ASSETCATALOG_COMPILER_APPICON_NAME = AppIcon;
				COMBINE_HIDPI_IMAGES = YES;
				INFOPLIST_FILE = BrowseBetter/Info.plist;
				LD_RUNPATH_SEARCH_PATHS = "$(inherited) @executable_path/../Frameworks";
				PRODUCT_BUNDLE_IDENTIFIER = com.atomicappworks.BrowseBetter;
				PRODUCT_NAME = "$(TARGET_NAME)";
				SWIFT_VERSION = 3.0;
			};
			name = Debug;
		};
		9C1588D91EB69CAA00411BD3 /* Release */ = {
			isa = XCBuildConfiguration;
			buildSettings = {
				ASSETCATALOG_COMPILER_APPICON_NAME = AppIcon;
				COMBINE_HIDPI_IMAGES = YES;
				INFOPLIST_FILE = BrowseBetter/Info.plist;
				LD_RUNPATH_SEARCH_PATHS = "$(inherited) @executable_path/../Frameworks";
				PRODUCT_BUNDLE_IDENTIFIER = com.atomicappworks.BrowseBetter;
				PRODUCT_NAME = "$(TARGET_NAME)";
				SWIFT_VERSION = 3.0;
			};
			name = Release;
		};
/* End XCBuildConfiguration section */

/* Begin XCConfigurationList section */
		9C1588C31EB69CAA00411BD3 /* Build configuration list for PBXProject "BrowseBetter" */ = {
			isa = XCConfigurationList;
			buildConfigurations = (
				9C1588D51EB69CAA00411BD3 /* Debug */,
				9C1588D61EB69CAA00411BD3 /* Release */,
			);
			defaultConfigurationIsVisible = 0;
			defaultConfigurationName = Release;
		};
		9C1588D71EB69CAA00411BD3 /* Build configuration list for PBXNativeTarget "BrowseBetter" */ = {
			isa = XCConfigurationList;
			buildConfigurations = (
				9C1588D81EB69CAA00411BD3 /* Debug */,
				9C1588D91EB69CAA00411BD3 /* Release */,
			);
			defaultConfigurationIsVisible = 0;
		};
/* End XCConfigurationList section */
	};
	rootObject = 9C1588C01EB69CAA00411BD3 /* Project object */;
}
